
Microsoft Visual Studio Solution File, Format Version 12.00
# Visual Studio 14
VisualStudioVersion = 14.0.23107.0
MinimumVisualStudioVersion = 10.0.40219.1
Project("{FAE04EC0-301F-11D3-BF4B-00C04F79EFBC}") = "HdrHistogram", "src\HdrHistogram\HdrHistogram.csproj", "{655D9C4C-5BBD-4494-9828-AE427A1DDD01}"
EndProject
Project("{FAE04EC0-301F-11D3-BF4B-00C04F79EFBC}") = "HdrHistogram.PerfTests", "src\HdrHistogram.PerfTests\HdrHistogram.PerfTests.csproj", "{FF7983E4-B76A-4AAB-B2AD-AC3355D4C7F7}"
EndProject
Project("{FAE04EC0-301F-11D3-BF4B-00C04F79EFBC}") = "HdrHistogram.PerfTestOrg", "src\HdrHistogram.PerfTestOrg\HdrHistogram.PerfTestOrg.csproj", "{237E69D6-F662-45F3-8BA0-73ABAD73C6DA}"
EndProject
Global
	GlobalSection(SolutionConfigurationPlatforms) = preSolution
		Debug|Any CPU = Debug|Any CPU
		Release|Any CPU = Release|Any CPU
	EndGlobalSection
	GlobalSection(ProjectConfigurationPlatforms) = postSolution
		{655D9C4C-5BBD-4494-9828-AE427A1DDD01}.Debug|Any CPU.ActiveCfg = Debug|Any CPU
		{655D9C4C-5BBD-4494-9828-AE427A1DDD01}.Debug|Any CPU.Build.0 = Debug|Any CPU
		{655D9C4C-5BBD-4494-9828-AE427A1DDD01}.Release|Any CPU.ActiveCfg = Release|Any CPU
		{655D9C4C-5BBD-4494-9828-AE427A1DDD01}.Release|Any CPU.Build.0 = Release|Any CPU
		{FF7983E4-B76A-4AAB-B2AD-AC3355D4C7F7}.Debug|Any CPU.ActiveCfg = Debug|Any CPU
		{FF7983E4-B76A-4AAB-B2AD-AC3355D4C7F7}.Debug|Any CPU.Build.0 = Debug|Any CPU
		{FF7983E4-B76A-4AAB-B2AD-AC3355D4C7F7}.Release|Any CPU.ActiveCfg = Release|Any CPU
		{FF7983E4-B76A-4AAB-B2AD-AC3355D4C7F7}.Release|Any CPU.Build.0 = Release|Any CPU
		{237E69D6-F662-45F3-8BA0-73ABAD73C6DA}.Debug|Any CPU.ActiveCfg = Debug|Any CPU
		{237E69D6-F662-45F3-8BA0-73ABAD73C6DA}.Debug|Any CPU.Build.0 = Debug|Any CPU
		{237E69D6-F662-45F3-8BA0-73ABAD73C6DA}.Release|Any CPU.ActiveCfg = Release|Any CPU
		{237E69D6-F662-45F3-8BA0-73ABAD73C6DA}.Release|Any CPU.Build.0 = Release|Any CPU
	EndGlobalSection
	GlobalSection(SolutionProperties) = preSolution
		HideSolutionNode = FALSE
	EndGlobalSection
EndGlobal
